
Microsoft Visual Studio Solution File, Format Version 12.00
# Visual Studio Version 17
VisualStudioVersion = 17.7.34003.232
MinimumVisualStudioVersion = 10.0.40219.1
Project("{9A19103F-16F7-4668-BE54-9A1E7A4F7556}") = "NotepadClone", "NotepadClone.csproj", "{E4564697-9B1E-47B3-BEB4-670016EB4EC5}"
EndProject
Project("{C7167F0D-BC9F-4E6E-AFE1-012C56B48DB5}") = "Packaging", "..\Packaging\Packaging.wapproj", "{B72FC835-3672-476D-8A1C-8FB1B7658824}"
EndProject
Global
	GlobalSection(SolutionConfigurationPlatforms) = preSolution
		Debug|Any CPU = Debug|Any CPU
		Debug|ARM = Debug|ARM
		Debug|ARM64 = Debug|ARM64
		Debug|x64 = Debug|x64
		Debug|x86 = Debug|x86
		Release|Any CPU = Release|Any CPU
		Release|ARM = Release|ARM
		Release|ARM64 = Release|ARM64
		Release|x64 = Release|x64
		Release|x86 = Release|x86
	EndGlobalSection
	GlobalSection(ProjectConfigurationPlatforms) = postSolution
		{E4564697-9B1E-47B3-BEB4-670016EB4EC5}.Debug|Any CPU.ActiveCfg = Debug|Any CPU
		{E4564697-9B1E-47B3-BEB4-670016EB4EC5}.Debug|Any CPU.Build.0 = Debug|Any CPU
		{E4564697-9B1E-47B3-BEB4-670016EB4EC5}.Debug|ARM.ActiveCfg = Debug|Any CPU
		{E4564697-9B1E-47B3-BEB4-670016EB4EC5}.Debug|ARM.Build.0 = Debug|Any CPU
		{E4564697-9B1E-47B3-BEB4-670016EB4EC5}.Debug|ARM64.ActiveCfg = Debug|Any CPU
		{E4564697-9B1E-47B3-BEB4-670016EB4EC5}.Debug|ARM64.Build.0 = Debug|Any CPU
		{E4564697-9B1E-47B3-BEB4-670016EB4EC5}.Debug|x64.ActiveCfg = Debug|Any CPU
		{E4564697-9B1E-47B3-BEB4-670016EB4EC5}.Debug|x64.Build.0 = Debug|Any CPU
		{E4564697-9B1E-47B3-BEB4-670016EB4EC5}.Debug|x86.ActiveCfg = Debug|Any CPU
		{E4564697-9B1E-47B3-BEB4-670016EB4EC5}.Debug|x86.Build.0 = Debug|Any CPU
		{E4564697-9B1E-47B3-BEB4-670016EB4EC5}.Release|Any CPU.ActiveCfg = Release|Any CPU
		{E4564697-9B1E-47B3-BEB4-670016EB4EC5}.Release|Any CPU.Build.0 = Release|Any CPU
		{E4564697-9B1E-47B3-BEB4-670016EB4EC5}.Release|ARM.ActiveCfg = Release|Any CPU
		{E4564697-9B1E-47B3-BEB4-670016EB4EC5}.Release|ARM.Build.0 = Release|Any CPU
		{E4564697-9B1E-47B3-BEB4-670016EB4EC5}.Release|ARM64.ActiveCfg = Release|Any CPU
		{E4564697-9B1E-47B3-BEB4-670016EB4EC5}.Release|ARM64.Build.0 = Release|Any CPU
		{E4564697-9B1E-47B3-BEB4-670016EB4EC5}.Release|x64.ActiveCfg = Release|Any CPU
		{E4564697-9B1E-47B3-BEB4-670016EB4EC5}.Release|x64.Build.0 = Release|Any CPU
		{E4564697-9B1E-47B3-BEB4-670016EB4EC5}.Release|x86.ActiveCfg = Release|Any CPU
		{E4564697-9B1E-47B3-BEB4-670016EB4EC5}.Release|x86.Build.0 = Release|Any CPU
		{B72FC835-3672-476D-8A1C-8FB1B7658824}.Debug|Any CPU.ActiveCfg = Debug|Any CPU
		{B72FC835-3672-476D-8A1C-8FB1B7658824}.Debug|Any CPU.Build.0 = Debug|Any CPU
		{B72FC835-3672-476D-8A1C-8FB1B7658824}.Debug|Any CPU.Deploy.0 = Debug|Any CPU
		{B72FC835-3672-476D-8A1C-8FB1B7658824}.Debug|ARM.ActiveCfg = Debug|ARM
		{B72FC835-3672-476D-8A1C-8FB1B7658824}.Debug|ARM.Build.0 = Debug|ARM
		{B72FC835-3672-476D-8A1C-8FB1B7658824}.Debug|ARM.Deploy.0 = Debug|ARM
		{B72FC835-3672-476D-8A1C-8FB1B7658824}.Debug|ARM64.ActiveCfg = Debug|ARM64
		{B72FC835-3672-476D-8A1C-8FB1B7658824}.Debug|ARM64.Build.0 = Debug|ARM64
		{B72FC835-3672-476D-8A1C-8FB1B7658824}.Debug|ARM64.Deploy.0 = Debug|ARM64
		{B72FC835-3672-476D-8A1C-8FB1B7658824}.Debug|x64.ActiveCfg = Debug|x64
		{B72FC835-3672-476D-8A1C-8FB1B7658824}.Debug|x64.Build.0 = Debug|x64
		{B72FC835-3672-476D-8A1C-8FB1B7658824}.Debug|x64.Deploy.0 = Debug|x64
		{B72FC835-3672-476D-8A1C-8FB1B7658824}.Debug|x86.ActiveCfg = Debug|x86
		{B72FC835-3672-476D-8A1C-8FB1B7658824}.Debug|x86.Build.0 = Debug|x86
		{B72FC835-3672-476D-8A1C-8FB1B7658824}.Debug|x86.Deploy.0 = Debug|x86
		{B72FC835-3672-476D-8A1C-8FB1B7658824}.Release|Any CPU.ActiveCfg = Release|Any CPU
		{B72FC835-3672-476D-8A1C-8FB1B7658824}.Release|Any CPU.Build.0 = Release|Any CPU
		{B72FC835-3672-476D-8A1C-8FB1B7658824}.Release|Any CPU.Deploy.0 = Release|Any CPU
		{B72FC835-3672-476D-8A1C-8FB1B7658824}.Release|ARM.ActiveCfg = Release|ARM
		{B72FC835-3672-476D-8A1C-8FB1B7658824}.Release|ARM.Build.0 = Release|ARM
		{B72FC835-3672-476D-8A1C-8FB1B7658824}.Release|ARM.Deploy.0 = Release|ARM
		{B72FC835-3672-476D-8A1C-8FB1B7658824}.Release|ARM64.ActiveCfg = Release|ARM64
		{B72FC835-3672-476D-8A1C-8FB1B7658824}.Release|ARM64.Build.0 = Release|ARM64
		{B72FC835-3672-476D-8A1C-8FB1B7658824}.Release|ARM64.Deploy.0 = Release|ARM64
		{B72FC835-3672-476D-8A1C-8FB1B7658824}.Release|x64.ActiveCfg = Release|x64
		{B72FC835-3672-476D-8A1C-8FB1B7658824}.Release|x64.Build.0 = Release|x64
		{B72FC835-3672-476D-8A1C-8FB1B7658824}.Release|x64.Deploy.0 = Release|x64
		{B72FC835-3672-476D-8A1C-8FB1B7658824}.Release|x86.ActiveCfg = Release|x86
		{B72FC835-3672-476D-8A1C-8FB1B7658824}.Release|x86.Build.0 = Release|x86
		{B72FC835-3672-476D-8A1C-8FB1B7658824}.Release|x86.Deploy.0 = Release|x86
	EndGlobalSection
	GlobalSection(SolutionProperties) = preSolution
		HideSolutionNode = FALSE
	EndGlobalSection
	GlobalSection(ExtensibilityGlobals) = postSolution
		SolutionGuid = {134234C7-861C-4228-BF01-18493B60B68C}
	EndGlobalSection
EndGlobal
